// !$*UTF8*$!
{
	archiveVersion = 1;
	classes = {
	};
	objectVersion = 46;
	objects = {

/* Begin PBXBuildFile section */
		638E5C151F67EB0A00D72895 /* AppDelegate.swift in Sources */ = {isa = PBXBuildFile; fileRef = 638E5C141F67EB0A00D72895 /* AppDelegate.swift */; };
		638E5C171F67EB0A00D72895 /* ViewController.swift in Sources */ = {isa = PBXBuildFile; fileRef = 638E5C161F67EB0A00D72895 /* ViewController.swift */; };
		638E5C1A1F67EB0A00D72895 /* Main.storyboard in Resources */ = {isa = PBXBuildFile; fileRef = 638E5C181F67EB0A00D72895 /* Main.storyboard */; };
		638E5C1C1F67EB0A00D72895 /* Assets.xcassets in Resources */ = {isa = PBXBuildFile; fileRef = 638E5C1B1F67EB0A00D72895 /* Assets.xcassets */; };
		638E5C1F1F67EB0A00D72895 /* LaunchScreen.storyboard in Resources */ = {isa = PBXBuildFile; fileRef = 638E5C1D1F67EB0A00D72895 /* LaunchScreen.storyboard */; };
		638E5C2A1F67EB0A00D72895 /* FSLibIOsNaviDemoTests.swift in Sources */ = {isa = PBXBuildFile; fileRef = 638E5C291F67EB0A00D72895 /* FSLibIOsNaviDemoTests.swift */; };
		638E5C351F681E0700D72895 /* FSLibIOs.framework in Frameworks */ = {isa = PBXBuildFile; fileRef = 638E5C341F681E0700D72895 /* FSLibIOs.framework */; };
		638E5C361F681E0700D72895 /* FSLibIOs.framework in Embed Frameworks */ = {isa = PBXBuildFile; fileRef = 638E5C341F681E0700D72895 /* FSLibIOs.framework */; settings = {ATTRIBUTES = (CodeSignOnCopy, RemoveHeadersOnCopy, ); }; };
/* End PBXBuildFile section */

/* Begin PBXContainerItemProxy section */
		638E5C261F67EB0A00D72895 /* PBXContainerItemProxy */ = {
			isa = PBXContainerItemProxy;
			containerPortal = 638E5C091F67EB0A00D72895 /* Project object */;
			proxyType = 1;
			remoteGlobalIDString = 638E5C101F67EB0A00D72895;
			remoteInfo = FSLibIOsNaviDemo;
		};
/* End PBXContainerItemProxy section */

/* Begin PBXCopyFilesBuildPhase section */
		638E5C371F681E0700D72895 /* Embed Frameworks */ = {
			isa = PBXCopyFilesBuildPhase;
			buildActionMask = 2147483647;
			dstPath = "";
			dstSubfolderSpec = 10;
			files = (
				638E5C361F681E0700D72895 /* FSLibIOs.framework in Embed Frameworks */,
			);
			name = "Embed Frameworks";
			runOnlyForDeploymentPostprocessing = 0;
		};
/* End PBXCopyFilesBuildPhase section */

/* Begin PBXFileReference section */
		638E5C111F67EB0A00D72895 /* FSLibIOsNaviDemo.app */ = {isa = PBXFileReference; explicitFileType = wrapper.application; includeInIndex = 0; path = FSLibIOsNaviDemo.app; sourceTree = BUILT_PRODUCTS_DIR; };
		638E5C141F67EB0A00D72895 /* AppDelegate.swift */ = {isa = PBXFileReference; lastKnownFileType = sourcecode.swift; path = AppDelegate.swift; sourceTree = "<group>"; };
		638E5C161F67EB0A00D72895 /* ViewController.swift */ = {isa = PBXFileReference; lastKnownFileType = sourcecode.swift; path = ViewController.swift; sourceTree = "<group>"; };
		638E5C191F67EB0A00D72895 /* Base */ = {isa = PBXFileReference; lastKnownFileType = file.storyboard; name = Base; path = Base.lproj/Main.storyboard; sourceTree = "<group>"; };
		638E5C1B1F67EB0A00D72895 /* Assets.xcassets */ = {isa = PBXFileReference; lastKnownFileType = folder.assetcatalog; path = Assets.xcassets; sourceTree = "<group>"; };
		638E5C1E1F67EB0A00D72895 /* Base */ = {isa = PBXFileReference; lastKnownFileType = file.storyboard; name = Base; path = Base.lproj/LaunchScreen.storyboard; sourceTree = "<group>"; };
		638E5C201F67EB0A00D72895 /* Info.plist */ = {isa = PBXFileReference; lastKnownFileType = text.plist.xml; path = Info.plist; sourceTree = "<group>"; };
		638E5C251F67EB0A00D72895 /* FSLibIOsNaviDemoTests.xctest */ = {isa = PBXFileReference; explicitFileType = wrapper.cfbundle; includeInIndex = 0; path = FSLibIOsNaviDemoTests.xctest; sourceTree = BUILT_PRODUCTS_DIR; };
		638E5C291F67EB0A00D72895 /* FSLibIOsNaviDemoTests.swift */ = {isa = PBXFileReference; lastKnownFileType = sourcecode.swift; path = FSLibIOsNaviDemoTests.swift; sourceTree = "<group>"; };
		638E5C2B1F67EB0A00D72895 /* Info.plist */ = {isa = PBXFileReference; lastKnownFileType = text.plist.xml; path = Info.plist; sourceTree = "<group>"; };
		638E5C341F681E0700D72895 /* FSLibIOs.framework */ = {isa = PBXFileReference; explicitFileType = wrapper.framework; path = FSLibIOs.framework; sourceTree = BUILT_PRODUCTS_DIR; };
/* End PBXFileReference section */

/* Begin PBXFrameworksBuildPhase section */
		638E5C0E1F67EB0A00D72895 /* Frameworks */ = {
			isa = PBXFrameworksBuildPhase;
			buildActionMask = 2147483647;
			files = (
				638E5C351F681E0700D72895 /* FSLibIOs.framework in Frameworks */,
			);
			runOnlyForDeploymentPostprocessing = 0;
		};
		638E5C221F67EB0A00D72895 /* Frameworks */ = {
			isa = PBXFrameworksBuildPhase;
			buildActionMask = 2147483647;
			files = (
			);
			runOnlyForDeploymentPostprocessing = 0;
		};
/* End PBXFrameworksBuildPhase section */

/* Begin PBXGroup section */
		638E5C081F67EB0A00D72895 = {
			isa = PBXGroup;
			children = (
				638E5C341F681E0700D72895 /* FSLibIOs.framework */,
				638E5C131F67EB0A00D72895 /* FSLibIOsNaviDemo */,
				638E5C281F67EB0A00D72895 /* FSLibIOsNaviDemoTests */,
				638E5C121F67EB0A00D72895 /* Products */,
			);
			sourceTree = "<group>";
		};
		638E5C121F67EB0A00D72895 /* Products */ = {
			isa = PBXGroup;
			children = (
				638E5C111F67EB0A00D72895 /* FSLibIOsNaviDemo.app */,
				638E5C251F67EB0A00D72895 /* FSLibIOsNaviDemoTests.xctest */,
			);
			name = Products;
			sourceTree = "<group>";
		};
		638E5C131F67EB0A00D72895 /* FSLibIOsNaviDemo */ = {
			isa = PBXGroup;
			children = (
				638E5C141F67EB0A00D72895 /* AppDelegate.swift */,
				638E5C161F67EB0A00D72895 /* ViewController.swift */,
				638E5C181F67EB0A00D72895 /* Main.storyboard */,
				638E5C1B1F67EB0A00D72895 /* Assets.xcassets */,
				638E5C1D1F67EB0A00D72895 /* LaunchScreen.storyboard */,
				638E5C201F67EB0A00D72895 /* Info.plist */,
			);
			path = FSLibIOsNaviDemo;
			sourceTree = "<group>";
		};
		638E5C281F67EB0A00D72895 /* FSLibIOsNaviDemoTests */ = {
			isa = PBXGroup;
			children = (
				638E5C291F67EB0A00D72895 /* FSLibIOsNaviDemoTests.swift */,
				638E5C2B1F67EB0A00D72895 /* Info.plist */,
			);
			path = FSLibIOsNaviDemoTests;
			sourceTree = "<group>";
		};
/* End PBXGroup section */

/* Begin PBXNativeTarget section */
		638E5C101F67EB0A00D72895 /* FSLibIOsNaviDemo */ = {
			isa = PBXNativeTarget;
			buildConfigurationList = 638E5C2E1F67EB0A00D72895 /* Build configuration list for PBXNativeTarget "FSLibIOsNaviDemo" */;
			buildPhases = (
				638E5C0D1F67EB0A00D72895 /* Sources */,
				638E5C0E1F67EB0A00D72895 /* Frameworks */,
				638E5C0F1F67EB0A00D72895 /* Resources */,
				638E5C371F681E0700D72895 /* Embed Frameworks */,
			);
			buildRules = (
			);
			dependencies = (
			);
			name = FSLibIOsNaviDemo;
			productName = FSLibIOsNaviDemo;
			productReference = 638E5C111F67EB0A00D72895 /* FSLibIOsNaviDemo.app */;
			productType = "com.apple.product-type.application";
		};
		638E5C241F67EB0A00D72895 /* FSLibIOsNaviDemoTests */ = {
			isa = PBXNativeTarget;
			buildConfigurationList = 638E5C311F67EB0A00D72895 /* Build configuration list for PBXNativeTarget "FSLibIOsNaviDemoTests" */;
			buildPhases = (
				638E5C211F67EB0A00D72895 /* Sources */,
				638E5C221F67EB0A00D72895 /* Frameworks */,
				638E5C231F67EB0A00D72895 /* Resources */,
			);
			buildRules = (
			);
			dependencies = (
				638E5C271F67EB0A00D72895 /* PBXTargetDependency */,
			);
			name = FSLibIOsNaviDemoTests;
			productName = FSLibIOsNaviDemoTests;
			productReference = 638E5C251F67EB0A00D72895 /* FSLibIOsNaviDemoTests.xctest */;
			productType = "com.apple.product-type.bundle.unit-test";
		};
/* End PBXNativeTarget section */

/* Begin PBXProject section */
		638E5C091F67EB0A00D72895 /* Project object */ = {
			isa = PBXProject;
			attributes = {
				LastSwiftUpdateCheck = 0820;
				LastUpgradeCheck = 1020;
				ORGANIZATIONNAME = feelSpace;
				TargetAttributes = {
					638E5C101F67EB0A00D72895 = {
						CreatedOnToolsVersion = 8.2.1;
						DevelopmentTeam = XUB29JE5X7;
						LastSwiftMigration = 1010;
						ProvisioningStyle = Automatic;
					};
					638E5C241F67EB0A00D72895 = {
						CreatedOnToolsVersion = 8.2.1;
						DevelopmentTeam = ZVSM67DVQN;
						LastSwiftMigration = 1010;
						ProvisioningStyle = Automatic;
						TestTargetID = 638E5C101F67EB0A00D72895;
					};
				};
			};
			buildConfigurationList = 638E5C0C1F67EB0A00D72895 /* Build configuration list for PBXProject "FSLibIOsNaviDemo" */;
			compatibilityVersion = "Xcode 3.2";
			developmentRegion = en;
			hasScannedForEncodings = 0;
			knownRegions = (
				en,
				Base,
			);
			mainGroup = 638E5C081F67EB0A00D72895;
			productRefGroup = 638E5C121F67EB0A00D72895 /* Products */;
			projectDirPath = "";
			projectRoot = "";
			targets = (
				638E5C101F67EB0A00D72895 /* FSLibIOsNaviDemo */,
				638E5C241F67EB0A00D72895 /* FSLibIOsNaviDemoTests */,
			);
		};
/* End PBXProject section */

/* Begin PBXResourcesBuildPhase section */
		638E5C0F1F67EB0A00D72895 /* Resources */ = {
			isa = PBXResourcesBuildPhase;
			buildActionMask = 2147483647;
			files = (
				638E5C1F1F67EB0A00D72895 /* LaunchScreen.storyboard in Resources */,
				638E5C1C1F67EB0A00D72895 /* Assets.xcassets in Resources */,
				638E5C1A1F67EB0A00D72895 /* Main.storyboard in Resources */,
			);
			runOnlyForDeploymentPostprocessing = 0;
		};
		638E5C231F67EB0A00D72895 /* Resources */ = {
			isa = PBXResourcesBuildPhase;
			buildActionMask = 2147483647;
			files = (
			);
			runOnlyForDeploymentPostprocessing = 0;
		};
/* End PBXResourcesBuildPhase section */

/* Begin PBXSourcesBuildPhase section */
		638E5C0D1F67EB0A00D72895 /* Sources */ = {
			isa = PBXSourcesBuildPhase;
			buildActionMask = 2147483647;
			files = (
				638E5C171F67EB0A00D72895 /* ViewController.swift in Sources */,
				638E5C151F67EB0A00D72895 /* AppDelegate.swift in Sources */,
			);
			runOnlyForDeploymentPostprocessing = 0;
		};
		638E5C211F67EB0A00D72895 /* Sources */ = {
			isa = PBXSourcesBuildPhase;
			buildActionMask = 2147483647;
			files = (
				638E5C2A1F67EB0A00D72895 /* FSLibIOsNaviDemoTests.swift in Sources */,
			);
			runOnlyForDeploymentPostprocessing = 0;
		};
/* End PBXSourcesBuildPhase section */

/* Begin PBXTargetDependency section */
		638E5C271F67EB0A00D72895 /* PBXTargetDependency */ = {
			isa = PBXTargetDependency;
			target = 638E5C101F67EB0A00D72895 /* FSLibIOsNaviDemo */;
			targetProxy = 638E5C261F67EB0A00D72895 /* PBXContainerItemProxy */;
		};
/* End PBXTargetDependency section */

/* Begin PBXVariantGroup section */
		638E5C181F67EB0A00D72895 /* Main.storyboard */ = {
			isa = PBXVariantGroup;
			children = (
				638E5C191F67EB0A00D72895 /* Base */,
			);
			name = Main.storyboard;
			sourceTree = "<group>";
		};
		638E5C1D1F67EB0A00D72895 /* LaunchScreen.storyboard */ = {
			isa = PBXVariantGroup;
			children = (
				638E5C1E1F67EB0A00D72895 /* Base */,
			);
			name = LaunchScreen.storyboard;
			sourceTree = "<group>";
		};
/* End PBXVariantGroup section */

/* Begin XCBuildConfiguration section */
		638E5C2C1F67EB0A00D72895 /* Debug */ = {
			isa = XCBuildConfiguration;
			buildSettings = {
				ALWAYS_SEARCH_USER_PATHS = NO;
				CLANG_ANALYZER_NONNULL = YES;
				CLANG_CXX_LANGUAGE_STANDARD = "gnu++0x";
				CLANG_CXX_LIBRARY = "libc++";
				CLANG_ENABLE_MODULES = YES;
				CLANG_ENABLE_OBJC_ARC = YES;
				CLANG_WARN_BLOCK_CAPTURE_AUTORELEASING = YES;
				CLANG_WARN_BOOL_CONVERSION = YES;
				CLANG_WARN_COMMA = YES;
				CLANG_WARN_CONSTANT_CONVERSION = YES;
				CLANG_WARN_DEPRECATED_OBJC_IMPLEMENTATIONS = YES;
				CLANG_WARN_DIRECT_OBJC_ISA_USAGE = YES_ERROR;
				CLANG_WARN_DOCUMENTATION_COMMENTS = YES;
				CLANG_WARN_EMPTY_BODY = YES;
				CLANG_WARN_ENUM_CONVERSION = YES;
				CLANG_WARN_INFINITE_RECURSION = YES;
				CLANG_WARN_INT_CONVERSION = YES;
				CLANG_WARN_NON_LITERAL_NULL_CONVERSION = YES;
				CLANG_WARN_OBJC_IMPLICIT_RETAIN_SELF = YES;
				CLANG_WARN_OBJC_LITERAL_CONVERSION = YES;
				CLANG_WARN_OBJC_ROOT_CLASS = YES_ERROR;
				CLANG_WARN_RANGE_LOOP_ANALYSIS = YES;
				CLANG_WARN_STRICT_PROTOTYPES = YES;
				CLANG_WARN_SUSPICIOUS_MOVE = YES;
				CLANG_WARN_UNREACHABLE_CODE = YES;
				CLANG_WARN__DUPLICATE_METHOD_MATCH = YES;
				"CODE_SIGN_IDENTITY[sdk=iphoneos*]" = "iPhone Developer";
				COPY_PHASE_STRIP = NO;
				DEBUG_INFORMATION_FORMAT = dwarf;
				ENABLE_STRICT_OBJC_MSGSEND = YES;
				ENABLE_TESTABILITY = YES;
				GCC_C_LANGUAGE_STANDARD = gnu99;
				GCC_DYNAMIC_NO_PIC = NO;
				GCC_NO_COMMON_BLOCKS = YES;
				GCC_OPTIMIZATION_LEVEL = 0;
				GCC_PREPROCESSOR_DEFINITIONS = (
					"DEBUG=1",
					"$(inherited)",
				);
				GCC_WARN_64_TO_32_BIT_CONVERSION = YES;
				GCC_WARN_ABOUT_RETURN_TYPE = YES_ERROR;
				GCC_WARN_UNDECLARED_SELECTOR = YES;
				GCC_WARN_UNINITIALIZED_AUTOS = YES_AGGRESSIVE;
				GCC_WARN_UNUSED_FUNCTION = YES;
				GCC_WARN_UNUSED_VARIABLE = YES;
				IPHONEOS_DEPLOYMENT_TARGET = 10.2;
				MTL_ENABLE_DEBUG_INFO = YES;
				ONLY_ACTIVE_ARCH = YES;
				SDKROOT = iphoneos;
				SWIFT_ACTIVE_COMPILATION_CONDITIONS = DEBUG;
				SWIFT_OPTIMIZATION_LEVEL = "-Onone";
			};
			name = Debug;
		};
		638E5C2D1F67EB0A00D72895 /* Release */ = {
			isa = XCBuildConfiguration;
			buildSettings = {
				ALWAYS_SEARCH_USER_PATHS = NO;
				CLANG_ANALYZER_NONNULL = YES;
				CLANG_CXX_LANGUAGE_STANDARD = "gnu++0x";
				CLANG_CXX_LIBRARY = "libc++";
				CLANG_ENABLE_MODULES = YES;
				CLANG_ENABLE_OBJC_ARC = YES;
				CLANG_WARN_BLOCK_CAPTURE_AUTORELEASING = YES;
				CLANG_WARN_BOOL_CONVERSION = YES;
				CLANG_WARN_COMMA = YES;
				CLANG_WARN_CONSTANT_CONVERSION = YES;
				CLANG_WARN_DEPRECATED_OBJC_IMPLEMENTATIONS = YES;
				CLANG_WARN_DIRECT_OBJC_ISA_USAGE = YES_ERROR;
				CLANG_WARN_DOCUMENTATION_COMMENTS = YES;
				CLANG_WARN_EMPTY_BODY = YES;
				CLANG_WARN_ENUM_CONVERSION = YES;
				CLANG_WARN_INFINITE_RECURSION = YES;
				CLANG_WARN_INT_CONVERSION = YES;
				CLANG_WARN_NON_LITERAL_NULL_CONVERSION = YES;
				CLANG_WARN_OBJC_IMPLICIT_RETAIN_SELF = YES;
				CLANG_WARN_OBJC_LITERAL_CONVERSION = YES;
				CLANG_WARN_OBJC_ROOT_CLASS = YES_ERROR;
				CLANG_WARN_RANGE_LOOP_ANALYSIS = YES;
				CLANG_WARN_STRICT_PROTOTYPES = YES;
				CLANG_WARN_SUSPICIOUS_MOVE = YES;
				CLANG_WARN_UNREACHABLE_CODE = YES;
				CLANG_WARN__DUPLICATE_METHOD_MATCH = YES;
				"CODE_SIGN_IDENTITY[sdk=iphoneos*]" = "iPhone Developer";
				COPY_PHASE_STRIP = NO;
				DEBUG_INFORMATION_FORMAT = "dwarf-with-dsym";
				ENABLE_NS_ASSERTIONS = NO;
				ENABLE_STRICT_OBJC_MSGSEND = YES;
				GCC_C_LANGUAGE_STANDARD = gnu99;
				GCC_NO_COMMON_BLOCKS = YES;
				GCC_WARN_64_TO_32_BIT_CONVERSION = YES;
				GCC_WARN_ABOUT_RETURN_TYPE = YES_ERROR;
				GCC_WARN_UNDECLARED_SELECTOR = YES;
				GCC_WARN_UNINITIALIZED_AUTOS = YES_AGGRESSIVE;
				GCC_WARN_UNUSED_FUNCTION = YES;
				GCC_WARN_UNUSED_VARIABLE = YES;
				IPHONEOS_DEPLOYMENT_TARGET = 10.2;
				MTL_ENABLE_DEBUG_INFO = NO;
				SDKROOT = iphoneos;
				SWIFT_OPTIMIZATION_LEVEL = "-Owholemodule";
				VALIDATE_PRODUCT = YES;
			};
			name = Release;
		};
		638E5C2F1F67EB0A00D72895 /* Debug */ = {
			isa = XCBuildConfiguration;
			buildSettings = {
				ASSETCATALOG_COMPILER_APPICON_NAME = AppIcon;
				DEVELOPMENT_TEAM = XUB29JE5X7;
				ENABLE_BITCODE = NO;
				INFOPLIST_FILE = FSLibIOsNaviDemo/Info.plist;
				LD_RUNPATH_SEARCH_PATHS = "$(inherited) @executable_path/Frameworks";
				PRODUCT_BUNDLE_IDENTIFIER = de.feelspace.FSLibIOsNaviDemo;
				PRODUCT_NAME = "$(TARGET_NAME)";
				SWIFT_SWIFT3_OBJC_INFERENCE = Default;
				SWIFT_VERSION = 4.2;
			};
			name = Debug;
		};
		638E5C301F67EB0A00D72895 /* Release */ = {
			isa = XCBuildConfiguration;
			buildSettings = {
				ASSETCATALOG_COMPILER_APPICON_NAME = AppIcon;
				DEVELOPMENT_TEAM = XUB29JE5X7;
				ENABLE_BITCODE = NO;
				INFOPLIST_FILE = FSLibIOsNaviDemo/Info.plist;
				LD_RUNPATH_SEARCH_PATHS = "$(inherited) @executable_path/Frameworks";
				PRODUCT_BUNDLE_IDENTIFIER = de.feelspace.FSLibIOsNaviDemo;
				PRODUCT_NAME = "$(TARGET_NAME)";
				SWIFT_SWIFT3_OBJC_INFERENCE = Default;
				SWIFT_VERSION = 4.2;
			};
			name = Release;
		};
		638E5C321F67EB0A00D72895 /* Debug */ = {
			isa = XCBuildConfiguration;
			buildSettings = {
				ALWAYS_EMBED_SWIFT_STANDARD_LIBRARIES = YES;
				BUNDLE_LOADER = "$(TEST_HOST)";
				DEVELOPMENT_TEAM = ZVSM67DVQN;
				INFOPLIST_FILE = FSLibIOsNaviDemoTests/Info.plist;
				LD_RUNPATH_SEARCH_PATHS = "$(inherited) @executable_path/Frameworks @loader_path/Frameworks";
				PRODUCT_BUNDLE_IDENTIFIER = de.feelspace.FSLibIOsNaviDemoTests;
				PRODUCT_NAME = "$(TARGET_NAME)";
				SWIFT_SWIFT3_OBJC_INFERENCE = Default;
				SWIFT_VERSION = 4.2;
				TEST_HOST = "$(BUILT_PRODUCTS_DIR)/FSLibIOsNaviDemo.app/FSLibIOsNaviDemo";
			};
			name = Debug;
		};
		638E5C331F67EB0A00D72895 /* Release */ = {
			isa = XCBuildConfiguration;
			buildSettings = {
				ALWAYS_EMBED_SWIFT_STANDARD_LIBRARIES = YES;
				BUNDLE_LOADER = "$(TEST_HOST)";
				DEVELOPMENT_TEAM = ZVSM67DVQN;
				INFOPLIST_FILE = FSLibIOsNaviDemoTests/Info.plist;
				LD_RUNPATH_SEARCH_PATHS = "$(inherited) @executable_path/Frameworks @loader_path/Frameworks";
				PRODUCT_BUNDLE_IDENTIFIER = de.feelspace.FSLibIOsNaviDemoTests;
				PRODUCT_NAME = "$(TARGET_NAME)";
				SWIFT_SWIFT3_OBJC_INFERENCE = Default;
				SWIFT_VERSION = 4.2;
				TEST_HOST = "$(BUILT_PRODUCTS_DIR)/FSLibIOsNaviDemo.app/FSLibIOsNaviDemo";
			};
			name = Release;
		};
/* End XCBuildConfiguration section */

/* Begin XCConfigurationList section */
		638E5C0C1F67EB0A00D72895 /* Build configuration list for PBXProject "FSLibIOsNaviDemo" */ = {
			isa = XCConfigurationList;
			buildConfigurations = (
				638E5C2C1F67EB0A00D72895 /* Debug */,
				638E5C2D1F67EB0A00D72895 /* Release */,
			);
			defaultConfigurationIsVisible = 0;
			defaultConfigurationName = Release;
		};
		638E5C2E1F67EB0A00D72895 /* Build configuration list for PBXNativeTarget "FSLibIOsNaviDemo" */ = {
			isa = XCConfigurationList;
			buildConfigurations = (
				638E5C2F1F67EB0A00D72895 /* Debug */,
				638E5C301F67EB0A00D72895 /* Release */,
			);
			defaultConfigurationIsVisible = 0;
			defaultConfigurationName = Release;
		};
		638E5C311F67EB0A00D72895 /* Build configuration list for PBXNativeTarget "FSLibIOsNaviDemoTests" */ = {
			isa = XCConfigurationList;
			buildConfigurations = (
				638E5C321F67EB0A00D72895 /* Debug */,
				638E5C331F67EB0A00D72895 /* Release */,
			);
			defaultConfigurationIsVisible = 0;
			defaultConfigurationName = Release;
		};
/* End XCConfigurationList section */
	};
	rootObject = 638E5C091F67EB0A00D72895 /* Project object */;
}
