// !$*UTF8*$!
{
	archiveVersion = 1;
	classes = {
	};
	objectVersion = 50;
	objects = {

/* Begin PBXBuildFile section */
		63233F392359AC5200FAD4A2 /* AppDelegate.swift in Sources */ = {isa = PBXBuildFile; fileRef = 63233F382359AC5200FAD4A2 /* AppDelegate.swift */; };
		63233F3B2359AC5200FAD4A2 /* ViewController.swift in Sources */ = {isa = PBXBuildFile; fileRef = 63233F3A2359AC5200FAD4A2 /* ViewController.swift */; };
		63233F3E2359AC5200FAD4A2 /* Main.storyboard in Resources */ = {isa = PBXBuildFile; fileRef = 63233F3C2359AC5200FAD4A2 /* Main.storyboard */; };
		63233F402359AC5500FAD4A2 /* Assets.xcassets in Resources */ = {isa = PBXBuildFile; fileRef = 63233F3F2359AC5500FAD4A2 /* Assets.xcassets */; };
		63233F432359AC5500FAD4A2 /* LaunchScreen.storyboard in Resources */ = {isa = PBXBuildFile; fileRef = 63233F412359AC5500FAD4A2 /* LaunchScreen.storyboard */; };
		63233F4E2359AC5500FAD4A2 /* FSLibIOsDemoTests.swift in Sources */ = {isa = PBXBuildFile; fileRef = 63233F4D2359AC5500FAD4A2 /* FSLibIOsDemoTests.swift */; };
		63233F592359AC5500FAD4A2 /* FSLibIOsDemoUITests.swift in Sources */ = {isa = PBXBuildFile; fileRef = 63233F582359AC5500FAD4A2 /* FSLibIOsDemoUITests.swift */; };
		639DEFC8235DAC1900D5496A /* FSLibIOs.framework in Frameworks */ = {isa = PBXBuildFile; fileRef = 63233F672359AD6600FAD4A2 /* FSLibIOs.framework */; };
		639DEFC9235DAC1900D5496A /* FSLibIOs.framework in Embed Frameworks */ = {isa = PBXBuildFile; fileRef = 63233F672359AD6600FAD4A2 /* FSLibIOs.framework */; settings = {ATTRIBUTES = (CodeSignOnCopy, RemoveHeadersOnCopy, ); }; };
/* End PBXBuildFile section */

/* Begin PBXContainerItemProxy section */
		63233F4A2359AC5500FAD4A2 /* PBXContainerItemProxy */ = {
			isa = PBXContainerItemProxy;
			containerPortal = 63233F2D2359AC5200FAD4A2 /* Project object */;
			proxyType = 1;
			remoteGlobalIDString = 63233F342359AC5200FAD4A2;
			remoteInfo = FSLibIOsDemo;
		};
		63233F552359AC5500FAD4A2 /* PBXContainerItemProxy */ = {
			isa = PBXContainerItemProxy;
			containerPortal = 63233F2D2359AC5200FAD4A2 /* Project object */;
			proxyType = 1;
			remoteGlobalIDString = 63233F342359AC5200FAD4A2;
			remoteInfo = FSLibIOsDemo;
		};
/* End PBXContainerItemProxy section */

/* Begin PBXCopyFilesBuildPhase section */
		639DEFCA235DAC1900D5496A /* Embed Frameworks */ = {
			isa = PBXCopyFilesBuildPhase;
			buildActionMask = 2147483647;
			dstPath = "";
			dstSubfolderSpec = 10;
			files = (
				639DEFC9235DAC1900D5496A /* FSLibIOs.framework in Embed Frameworks */,
			);
			name = "Embed Frameworks";
			runOnlyForDeploymentPostprocessing = 0;
		};
/* End PBXCopyFilesBuildPhase section */

/* Begin PBXFileReference section */
		63233F352359AC5200FAD4A2 /* FSLibIOsDemo.app */ = {isa = PBXFileReference; explicitFileType = wrapper.application; includeInIndex = 0; path = FSLibIOsDemo.app; sourceTree = BUILT_PRODUCTS_DIR; };
		63233F382359AC5200FAD4A2 /* AppDelegate.swift */ = {isa = PBXFileReference; lastKnownFileType = sourcecode.swift; path = AppDelegate.swift; sourceTree = "<group>"; };
		63233F3A2359AC5200FAD4A2 /* ViewController.swift */ = {isa = PBXFileReference; lastKnownFileType = sourcecode.swift; path = ViewController.swift; sourceTree = "<group>"; };
		63233F3D2359AC5200FAD4A2 /* Base */ = {isa = PBXFileReference; lastKnownFileType = file.storyboard; name = Base; path = Base.lproj/Main.storyboard; sourceTree = "<group>"; };
		63233F3F2359AC5500FAD4A2 /* Assets.xcassets */ = {isa = PBXFileReference; lastKnownFileType = folder.assetcatalog; path = Assets.xcassets; sourceTree = "<group>"; };
		63233F422359AC5500FAD4A2 /* Base */ = {isa = PBXFileReference; lastKnownFileType = file.storyboard; name = Base; path = Base.lproj/LaunchScreen.storyboard; sourceTree = "<group>"; };
		63233F442359AC5500FAD4A2 /* Info.plist */ = {isa = PBXFileReference; lastKnownFileType = text.plist.xml; path = Info.plist; sourceTree = "<group>"; };
		63233F492359AC5500FAD4A2 /* FSLibIOsDemoTests.xctest */ = {isa = PBXFileReference; explicitFileType = wrapper.cfbundle; includeInIndex = 0; path = FSLibIOsDemoTests.xctest; sourceTree = BUILT_PRODUCTS_DIR; };
		63233F4D2359AC5500FAD4A2 /* FSLibIOsDemoTests.swift */ = {isa = PBXFileReference; lastKnownFileType = sourcecode.swift; path = FSLibIOsDemoTests.swift; sourceTree = "<group>"; };
		63233F4F2359AC5500FAD4A2 /* Info.plist */ = {isa = PBXFileReference; lastKnownFileType = text.plist.xml; path = Info.plist; sourceTree = "<group>"; };
		63233F542359AC5500FAD4A2 /* FSLibIOsDemoUITests.xctest */ = {isa = PBXFileReference; explicitFileType = wrapper.cfbundle; includeInIndex = 0; path = FSLibIOsDemoUITests.xctest; sourceTree = BUILT_PRODUCTS_DIR; };
		63233F582359AC5500FAD4A2 /* FSLibIOsDemoUITests.swift */ = {isa = PBXFileReference; lastKnownFileType = sourcecode.swift; path = FSLibIOsDemoUITests.swift; sourceTree = "<group>"; };
		63233F5A2359AC5500FAD4A2 /* Info.plist */ = {isa = PBXFileReference; lastKnownFileType = text.plist.xml; path = Info.plist; sourceTree = "<group>"; };
		63233F672359AD6600FAD4A2 /* FSLibIOs.framework */ = {isa = PBXFileReference; explicitFileType = wrapper.framework; path = FSLibIOs.framework; sourceTree = BUILT_PRODUCTS_DIR; };
/* End PBXFileReference section */

/* Begin PBXFrameworksBuildPhase section */
		63233F322359AC5200FAD4A2 /* Frameworks */ = {
			isa = PBXFrameworksBuildPhase;
			buildActionMask = 2147483647;
			files = (
				639DEFC8235DAC1900D5496A /* FSLibIOs.framework in Frameworks */,
			);
			runOnlyForDeploymentPostprocessing = 0;
		};
		63233F462359AC5500FAD4A2 /* Frameworks */ = {
			isa = PBXFrameworksBuildPhase;
			buildActionMask = 2147483647;
			files = (
			);
			runOnlyForDeploymentPostprocessing = 0;
		};
		63233F512359AC5500FAD4A2 /* Frameworks */ = {
			isa = PBXFrameworksBuildPhase;
			buildActionMask = 2147483647;
			files = (
			);
			runOnlyForDeploymentPostprocessing = 0;
		};
/* End PBXFrameworksBuildPhase section */

/* Begin PBXGroup section */
		63233F2C2359AC5200FAD4A2 = {
			isa = PBXGroup;
			children = (
				63233F372359AC5200FAD4A2 /* FSLibIOsDemo */,
				63233F4C2359AC5500FAD4A2 /* FSLibIOsDemoTests */,
				63233F572359AC5500FAD4A2 /* FSLibIOsDemoUITests */,
				63233F362359AC5200FAD4A2 /* Products */,
				63233F662359AD6600FAD4A2 /* Frameworks */,
			);
			sourceTree = "<group>";
		};
		63233F362359AC5200FAD4A2 /* Products */ = {
			isa = PBXGroup;
			children = (
				63233F352359AC5200FAD4A2 /* FSLibIOsDemo.app */,
				63233F492359AC5500FAD4A2 /* FSLibIOsDemoTests.xctest */,
				63233F542359AC5500FAD4A2 /* FSLibIOsDemoUITests.xctest */,
			);
			name = Products;
			sourceTree = "<group>";
		};
		63233F372359AC5200FAD4A2 /* FSLibIOsDemo */ = {
			isa = PBXGroup;
			children = (
				63233F382359AC5200FAD4A2 /* AppDelegate.swift */,
				63233F3A2359AC5200FAD4A2 /* ViewController.swift */,
				63233F3C2359AC5200FAD4A2 /* Main.storyboard */,
				63233F3F2359AC5500FAD4A2 /* Assets.xcassets */,
				63233F412359AC5500FAD4A2 /* LaunchScreen.storyboard */,
				63233F442359AC5500FAD4A2 /* Info.plist */,
			);
			path = FSLibIOsDemo;
			sourceTree = "<group>";
		};
		63233F4C2359AC5500FAD4A2 /* FSLibIOsDemoTests */ = {
			isa = PBXGroup;
			children = (
				63233F4D2359AC5500FAD4A2 /* FSLibIOsDemoTests.swift */,
				63233F4F2359AC5500FAD4A2 /* Info.plist */,
			);
			path = FSLibIOsDemoTests;
			sourceTree = "<group>";
		};
		63233F572359AC5500FAD4A2 /* FSLibIOsDemoUITests */ = {
			isa = PBXGroup;
			children = (
				63233F582359AC5500FAD4A2 /* FSLibIOsDemoUITests.swift */,
				63233F5A2359AC5500FAD4A2 /* Info.plist */,
			);
			path = FSLibIOsDemoUITests;
			sourceTree = "<group>";
		};
		63233F662359AD6600FAD4A2 /* Frameworks */ = {
			isa = PBXGroup;
			children = (
				63233F672359AD6600FAD4A2 /* FSLibIOs.framework */,
			);
			name = Frameworks;
			sourceTree = "<group>";
		};
/* End PBXGroup section */

/* Begin PBXNativeTarget section */
		63233F342359AC5200FAD4A2 /* FSLibIOsDemo */ = {
			isa = PBXNativeTarget;
			buildConfigurationList = 63233F5D2359AC5500FAD4A2 /* Build configuration list for PBXNativeTarget "FSLibIOsDemo" */;
			buildPhases = (
				63233F312359AC5200FAD4A2 /* Sources */,
				63233F322359AC5200FAD4A2 /* Frameworks */,
				63233F332359AC5200FAD4A2 /* Resources */,
				639DEFCA235DAC1900D5496A /* Embed Frameworks */,
			);
			buildRules = (
			);
			dependencies = (
			);
			name = FSLibIOsDemo;
			productName = FSLibIOsDemo;
			productReference = 63233F352359AC5200FAD4A2 /* FSLibIOsDemo.app */;
			productType = "com.apple.product-type.application";
		};
		63233F482359AC5500FAD4A2 /* FSLibIOsDemoTests */ = {
			isa = PBXNativeTarget;
			buildConfigurationList = 63233F602359AC5500FAD4A2 /* Build configuration list for PBXNativeTarget "FSLibIOsDemoTests" */;
			buildPhases = (
				63233F452359AC5500FAD4A2 /* Sources */,
				63233F462359AC5500FAD4A2 /* Frameworks */,
				63233F472359AC5500FAD4A2 /* Resources */,
			);
			buildRules = (
			);
			dependencies = (
				63233F4B2359AC5500FAD4A2 /* PBXTargetDependency */,
			);
			name = FSLibIOsDemoTests;
			productName = FSLibIOsDemoTests;
			productReference = 63233F492359AC5500FAD4A2 /* FSLibIOsDemoTests.xctest */;
			productType = "com.apple.product-type.bundle.unit-test";
		};
		63233F532359AC5500FAD4A2 /* FSLibIOsDemoUITests */ = {
			isa = PBXNativeTarget;
			buildConfigurationList = 63233F632359AC5500FAD4A2 /* Build configuration list for PBXNativeTarget "FSLibIOsDemoUITests" */;
			buildPhases = (
				63233F502359AC5500FAD4A2 /* Sources */,
				63233F512359AC5500FAD4A2 /* Frameworks */,
				63233F522359AC5500FAD4A2 /* Resources */,
			);
			buildRules = (
			);
			dependencies = (
				63233F562359AC5500FAD4A2 /* PBXTargetDependency */,
			);
			name = FSLibIOsDemoUITests;
			productName = FSLibIOsDemoUITests;
			productReference = 63233F542359AC5500FAD4A2 /* FSLibIOsDemoUITests.xctest */;
			productType = "com.apple.product-type.bundle.ui-testing";
		};
/* End PBXNativeTarget section */

/* Begin PBXProject section */
		63233F2D2359AC5200FAD4A2 /* Project object */ = {
			isa = PBXProject;
			attributes = {
				LastSwiftUpdateCheck = 1020;
				LastUpgradeCheck = 1020;
				ORGANIZATIONNAME = "feelSpace GmbH";
				TargetAttributes = {
					63233F342359AC5200FAD4A2 = {
						CreatedOnToolsVersion = 10.2.1;
					};
					63233F482359AC5500FAD4A2 = {
						CreatedOnToolsVersion = 10.2.1;
						TestTargetID = 63233F342359AC5200FAD4A2;
					};
					63233F532359AC5500FAD4A2 = {
						CreatedOnToolsVersion = 10.2.1;
						TestTargetID = 63233F342359AC5200FAD4A2;
					};
				};
			};
			buildConfigurationList = 63233F302359AC5200FAD4A2 /* Build configuration list for PBXProject "FSLibIOsDemo" */;
			compatibilityVersion = "Xcode 9.3";
			developmentRegion = en;
			hasScannedForEncodings = 0;
			knownRegions = (
				en,
				Base,
			);
			mainGroup = 63233F2C2359AC5200FAD4A2;
			productRefGroup = 63233F362359AC5200FAD4A2 /* Products */;
			projectDirPath = "";
			projectRoot = "";
			targets = (
				63233F342359AC5200FAD4A2 /* FSLibIOsDemo */,
				63233F482359AC5500FAD4A2 /* FSLibIOsDemoTests */,
				63233F532359AC5500FAD4A2 /* FSLibIOsDemoUITests */,
			);
		};
/* End PBXProject section */

/* Begin PBXResourcesBuildPhase section */
		63233F332359AC5200FAD4A2 /* Resources */ = {
			isa = PBXResourcesBuildPhase;
			buildActionMask = 2147483647;
			files = (
				63233F432359AC5500FAD4A2 /* LaunchScreen.storyboard in Resources */,
				63233F402359AC5500FAD4A2 /* Assets.xcassets in Resources */,
				63233F3E2359AC5200FAD4A2 /* Main.storyboard in Resources */,
			);
			runOnlyForDeploymentPostprocessing = 0;
		};
		63233F472359AC5500FAD4A2 /* Resources */ = {
			isa = PBXResourcesBuildPhase;
			buildActionMask = 2147483647;
			files = (
			);
			runOnlyForDeploymentPostprocessing = 0;
		};
		63233F522359AC5500FAD4A2 /* Resources */ = {
			isa = PBXResourcesBuildPhase;
			buildActionMask = 2147483647;
			files = (
			);
			runOnlyForDeploymentPostprocessing = 0;
		};
/* End PBXResourcesBuildPhase section */

/* Begin PBXSourcesBuildPhase section */
		63233F312359AC5200FAD4A2 /* Sources */ = {
			isa = PBXSourcesBuildPhase;
			buildActionMask = 2147483647;
			files = (
				63233F3B2359AC5200FAD4A2 /* ViewController.swift in Sources */,
				63233F392359AC5200FAD4A2 /* AppDelegate.swift in Sources */,
			);
			runOnlyForDeploymentPostprocessing = 0;
		};
		63233F452359AC5500FAD4A2 /* Sources */ = {
			isa = PBXSourcesBuildPhase;
			buildActionMask = 2147483647;
			files = (
				63233F4E2359AC5500FAD4A2 /* FSLibIOsDemoTests.swift in Sources */,
			);
			runOnlyForDeploymentPostprocessing = 0;
		};
		63233F502359AC5500FAD4A2 /* Sources */ = {
			isa = PBXSourcesBuildPhase;
			buildActionMask = 2147483647;
			files = (
				63233F592359AC5500FAD4A2 /* FSLibIOsDemoUITests.swift in Sources */,
			);
			runOnlyForDeploymentPostprocessing = 0;
		};
/* End PBXSourcesBuildPhase section */

/* Begin PBXTargetDependency section */
		63233F4B2359AC5500FAD4A2 /* PBXTargetDependency */ = {
			isa = PBXTargetDependency;
			target = 63233F342359AC5200FAD4A2 /* FSLibIOsDemo */;
			targetProxy = 63233F4A2359AC5500FAD4A2 /* PBXContainerItemProxy */;
		};
		63233F562359AC5500FAD4A2 /* PBXTargetDependency */ = {
			isa = PBXTargetDependency;
			target = 63233F342359AC5200FAD4A2 /* FSLibIOsDemo */;
			targetProxy = 63233F552359AC5500FAD4A2 /* PBXContainerItemProxy */;
		};
/* End PBXTargetDependency section */

/* Begin PBXVariantGroup section */
		63233F3C2359AC5200FAD4A2 /* Main.storyboard */ = {
			isa = PBXVariantGroup;
			children = (
				63233F3D2359AC5200FAD4A2 /* Base */,
			);
			name = Main.storyboard;
			sourceTree = "<group>";
		};
		63233F412359AC5500FAD4A2 /* LaunchScreen.storyboard */ = {
			isa = PBXVariantGroup;
			children = (
				63233F422359AC5500FAD4A2 /* Base */,
			);
			name = LaunchScreen.storyboard;
			sourceTree = "<group>";
		};
/* End PBXVariantGroup section */

/* Begin XCBuildConfiguration section */
		63233F5B2359AC5500FAD4A2 /* Debug */ = {
			isa = XCBuildConfiguration;
			buildSettings = {
				ALWAYS_SEARCH_USER_PATHS = NO;
				CLANG_ANALYZER_NONNULL = YES;
				CLANG_ANALYZER_NUMBER_OBJECT_CONVERSION = YES_AGGRESSIVE;
				CLANG_CXX_LANGUAGE_STANDARD = "gnu++14";
				CLANG_CXX_LIBRARY = "libc++";
				CLANG_ENABLE_MODULES = YES;
				CLANG_ENABLE_OBJC_ARC = YES;
				CLANG_ENABLE_OBJC_WEAK = YES;
				CLANG_WARN_BLOCK_CAPTURE_AUTORELEASING = YES;
				CLANG_WARN_BOOL_CONVERSION = YES;
				CLANG_WARN_COMMA = YES;
				CLANG_WARN_CONSTANT_CONVERSION = YES;
				CLANG_WARN_DEPRECATED_OBJC_IMPLEMENTATIONS = YES;
				CLANG_WARN_DIRECT_OBJC_ISA_USAGE = YES_ERROR;
				CLANG_WARN_DOCUMENTATION_COMMENTS = YES;
				CLANG_WARN_EMPTY_BODY = YES;
				CLANG_WARN_ENUM_CONVERSION = YES;
				CLANG_WARN_INFINITE_RECURSION = YES;
				CLANG_WARN_INT_CONVERSION = YES;
				CLANG_WARN_NON_LITERAL_NULL_CONVERSION = YES;
				CLANG_WARN_OBJC_IMPLICIT_RETAIN_SELF = YES;
				CLANG_WARN_OBJC_LITERAL_CONVERSION = YES;
				CLANG_WARN_OBJC_ROOT_CLASS = YES_ERROR;
				CLANG_WARN_RANGE_LOOP_ANALYSIS = YES;
				CLANG_WARN_STRICT_PROTOTYPES = YES;
				CLANG_WARN_SUSPICIOUS_MOVE = YES;
				CLANG_WARN_UNGUARDED_AVAILABILITY = YES_AGGRESSIVE;
				CLANG_WARN_UNREACHABLE_CODE = YES;
				CLANG_WARN__DUPLICATE_METHOD_MATCH = YES;
				CODE_SIGN_IDENTITY = "iPhone Developer";
				COPY_PHASE_STRIP = NO;
				DEBUG_INFORMATION_FORMAT = dwarf;
				ENABLE_STRICT_OBJC_MSGSEND = YES;
				ENABLE_TESTABILITY = YES;
				GCC_C_LANGUAGE_STANDARD = gnu11;
				GCC_DYNAMIC_NO_PIC = NO;
				GCC_NO_COMMON_BLOCKS = YES;
				GCC_OPTIMIZATION_LEVEL = 0;
				GCC_PREPROCESSOR_DEFINITIONS = (
					"DEBUG=1",
					"$(inherited)",
				);
				GCC_WARN_64_TO_32_BIT_CONVERSION = YES;
				GCC_WARN_ABOUT_RETURN_TYPE = YES_ERROR;
				GCC_WARN_UNDECLARED_SELECTOR = YES;
				GCC_WARN_UNINITIALIZED_AUTOS = YES_AGGRESSIVE;
				GCC_WARN_UNUSED_FUNCTION = YES;
				GCC_WARN_UNUSED_VARIABLE = YES;
				IPHONEOS_DEPLOYMENT_TARGET = 12.2;
				MTL_ENABLE_DEBUG_INFO = INCLUDE_SOURCE;
				MTL_FAST_MATH = YES;
				ONLY_ACTIVE_ARCH = YES;
				SDKROOT = iphoneos;
				SWIFT_ACTIVE_COMPILATION_CONDITIONS = DEBUG;
				SWIFT_OPTIMIZATION_LEVEL = "-Onone";
			};
			name = Debug;
		};
		63233F5C2359AC5500FAD4A2 /* Release */ = {
			isa = XCBuildConfiguration;
			buildSettings = {
				ALWAYS_SEARCH_USER_PATHS = NO;
				CLANG_ANALYZER_NONNULL = YES;
				CLANG_ANALYZER_NUMBER_OBJECT_CONVERSION = YES_AGGRESSIVE;
				CLANG_CXX_LANGUAGE_STANDARD = "gnu++14";
				CLANG_CXX_LIBRARY = "libc++";
				CLANG_ENABLE_MODULES = YES;
				CLANG_ENABLE_OBJC_ARC = YES;
				CLANG_ENABLE_OBJC_WEAK = YES;
				CLANG_WARN_BLOCK_CAPTURE_AUTORELEASING = YES;
				CLANG_WARN_BOOL_CONVERSION = YES;
				CLANG_WARN_COMMA = YES;
				CLANG_WARN_CONSTANT_CONVERSION = YES;
				CLANG_WARN_DEPRECATED_OBJC_IMPLEMENTATIONS = YES;
				CLANG_WARN_DIRECT_OBJC_ISA_USAGE = YES_ERROR;
				CLANG_WARN_DOCUMENTATION_COMMENTS = YES;
				CLANG_WARN_EMPTY_BODY = YES;
				CLANG_WARN_ENUM_CONVERSION = YES;
				CLANG_WARN_INFINITE_RECURSION = YES;
				CLANG_WARN_INT_CONVERSION = YES;
				CLANG_WARN_NON_LITERAL_NULL_CONVERSION = YES;
				CLANG_WARN_OBJC_IMPLICIT_RETAIN_SELF = YES;
				CLANG_WARN_OBJC_LITERAL_CONVERSION = YES;
				CLANG_WARN_OBJC_ROOT_CLASS = YES_ERROR;
				CLANG_WARN_RANGE_LOOP_ANALYSIS = YES;
				CLANG_WARN_STRICT_PROTOTYPES = YES;
				CLANG_WARN_SUSPICIOUS_MOVE = YES;
				CLANG_WARN_UNGUARDED_AVAILABILITY = YES_AGGRESSIVE;
				CLANG_WARN_UNREACHABLE_CODE = YES;
				CLANG_WARN__DUPLICATE_METHOD_MATCH = YES;
				CODE_SIGN_IDENTITY = "iPhone Developer";
				COPY_PHASE_STRIP = NO;
				DEBUG_INFORMATION_FORMAT = "dwarf-with-dsym";
				ENABLE_NS_ASSERTIONS = NO;
				ENABLE_STRICT_OBJC_MSGSEND = YES;
				GCC_C_LANGUAGE_STANDARD = gnu11;
				GCC_NO_COMMON_BLOCKS = YES;
				GCC_WARN_64_TO_32_BIT_CONVERSION = YES;
				GCC_WARN_ABOUT_RETURN_TYPE = YES_ERROR;
				GCC_WARN_UNDECLARED_SELECTOR = YES;
				GCC_WARN_UNINITIALIZED_AUTOS = YES_AGGRESSIVE;
				GCC_WARN_UNUSED_FUNCTION = YES;
				GCC_WARN_UNUSED_VARIABLE = YES;
				IPHONEOS_DEPLOYMENT_TARGET = 12.2;
				MTL_ENABLE_DEBUG_INFO = NO;
				MTL_FAST_MATH = YES;
				SDKROOT = iphoneos;
				SWIFT_COMPILATION_MODE = wholemodule;
				SWIFT_OPTIMIZATION_LEVEL = "-O";
				VALIDATE_PRODUCT = YES;
			};
			name = Release;
		};
		63233F5E2359AC5500FAD4A2 /* Debug */ = {
			isa = XCBuildConfiguration;
			buildSettings = {
				ASSETCATALOG_COMPILER_APPICON_NAME = AppIcon;
				CODE_SIGN_STYLE = Automatic;
				CURRENT_PROJECT_VERSION = 2;
				DEVELOPMENT_TEAM = XUB29JE5X7;
				INFOPLIST_FILE = FSLibIOsDemo/Info.plist;
				LD_RUNPATH_SEARCH_PATHS = (
					"$(inherited)",
					"@executable_path/Frameworks",
				);
				MARKETING_VERSION = 1.1;
				PRODUCT_BUNDLE_IDENTIFIER = de.feelspace.FSLibIOsDemo;
				PRODUCT_NAME = "$(TARGET_NAME)";
				SWIFT_VERSION = 5.0;
				TARGETED_DEVICE_FAMILY = "1,2";
			};
			name = Debug;
		};
		63233F5F2359AC5500FAD4A2 /* Release */ = {
			isa = XCBuildConfiguration;
			buildSettings = {
				ASSETCATALOG_COMPILER_APPICON_NAME = AppIcon;
				CODE_SIGN_STYLE = Automatic;
				CURRENT_PROJECT_VERSION = 2;
				DEVELOPMENT_TEAM = XUB29JE5X7;
				INFOPLIST_FILE = FSLibIOsDemo/Info.plist;
				LD_RUNPATH_SEARCH_PATHS = (
					"$(inherited)",
					"@executable_path/Frameworks",
				);
				MARKETING_VERSION = 1.1;
				PRODUCT_BUNDLE_IDENTIFIER = de.feelspace.FSLibIOsDemo;
				PRODUCT_NAME = "$(TARGET_NAME)";
				SWIFT_VERSION = 5.0;
				TARGETED_DEVICE_FAMILY = "1,2";
			};
			name = Release;
		};
		63233F612359AC5500FAD4A2 /* Debug */ = {
			isa = XCBuildConfiguration;
			buildSettings = {
				ALWAYS_EMBED_SWIFT_STANDARD_LIBRARIES = YES;
				BUNDLE_LOADER = "$(TEST_HOST)";
				CODE_SIGN_STYLE = Automatic;
				DEVELOPMENT_TEAM = XUB29JE5X7;
				INFOPLIST_FILE = FSLibIOsDemoTests/Info.plist;
				LD_RUNPATH_SEARCH_PATHS = (
					"$(inherited)",
					"@executable_path/Frameworks",
					"@loader_path/Frameworks",
				);
				PRODUCT_BUNDLE_IDENTIFIER = de.feelspace.FSLibIOsDemoTests;
				PRODUCT_NAME = "$(TARGET_NAME)";
				SWIFT_VERSION = 5.0;
				TARGETED_DEVICE_FAMILY = "1,2";
				TEST_HOST = "$(BUILT_PRODUCTS_DIR)/FSLibIOsDemo.app/FSLibIOsDemo";
			};
			name = Debug;
		};
		63233F622359AC5500FAD4A2 /* Release */ = {
			isa = XCBuildConfiguration;
			buildSettings = {
				ALWAYS_EMBED_SWIFT_STANDARD_LIBRARIES = YES;
				BUNDLE_LOADER = "$(TEST_HOST)";
				CODE_SIGN_STYLE = Automatic;
				DEVELOPMENT_TEAM = XUB29JE5X7;
				INFOPLIST_FILE = FSLibIOsDemoTests/Info.plist;
				LD_RUNPATH_SEARCH_PATHS = (
					"$(inherited)",
					"@executable_path/Frameworks",
					"@loader_path/Frameworks",
				);
				PRODUCT_BUNDLE_IDENTIFIER = de.feelspace.FSLibIOsDemoTests;
				PRODUCT_NAME = "$(TARGET_NAME)";
				SWIFT_VERSION = 5.0;
				TARGETED_DEVICE_FAMILY = "1,2";
				TEST_HOST = "$(BUILT_PRODUCTS_DIR)/FSLibIOsDemo.app/FSLibIOsDemo";
			};
			name = Release;
		};
		63233F642359AC5500FAD4A2 /* Debug */ = {
			isa = XCBuildConfiguration;
			buildSettings = {
				ALWAYS_EMBED_SWIFT_STANDARD_LIBRARIES = YES;
				CODE_SIGN_STYLE = Automatic;
				DEVELOPMENT_TEAM = XUB29JE5X7;
				INFOPLIST_FILE = FSLibIOsDemoUITests/Info.plist;
				LD_RUNPATH_SEARCH_PATHS = (
					"$(inherited)",
					"@executable_path/Frameworks",
					"@loader_path/Frameworks",
				);
				PRODUCT_BUNDLE_IDENTIFIER = de.feelspace.FSLibIOsDemoUITests;
				PRODUCT_NAME = "$(TARGET_NAME)";
				SWIFT_VERSION = 5.0;
				TARGETED_DEVICE_FAMILY = "1,2";
				TEST_TARGET_NAME = FSLibIOsDemo;
			};
			name = Debug;
		};
		63233F652359AC5500FAD4A2 /* Release */ = {
			isa = XCBuildConfiguration;
			buildSettings = {
				ALWAYS_EMBED_SWIFT_STANDARD_LIBRARIES = YES;
				CODE_SIGN_STYLE = Automatic;
				DEVELOPMENT_TEAM = XUB29JE5X7;
				INFOPLIST_FILE = FSLibIOsDemoUITests/Info.plist;
				LD_RUNPATH_SEARCH_PATHS = (
					"$(inherited)",
					"@executable_path/Frameworks",
					"@loader_path/Frameworks",
				);
				PRODUCT_BUNDLE_IDENTIFIER = de.feelspace.FSLibIOsDemoUITests;
				PRODUCT_NAME = "$(TARGET_NAME)";
				SWIFT_VERSION = 5.0;
				TARGETED_DEVICE_FAMILY = "1,2";
				TEST_TARGET_NAME = FSLibIOsDemo;
			};
			name = Release;
		};
/* End XCBuildConfiguration section */

/* Begin XCConfigurationList section */
		63233F302359AC5200FAD4A2 /* Build configuration list for PBXProject "FSLibIOsDemo" */ = {
			isa = XCConfigurationList;
			buildConfigurations = (
				63233F5B2359AC5500FAD4A2 /* Debug */,
				63233F5C2359AC5500FAD4A2 /* Release */,
			);
			defaultConfigurationIsVisible = 0;
			defaultConfigurationName = Release;
		};
		63233F5D2359AC5500FAD4A2 /* Build configuration list for PBXNativeTarget "FSLibIOsDemo" */ = {
			isa = XCConfigurationList;
			buildConfigurations = (
				63233F5E2359AC5500FAD4A2 /* Debug */,
				63233F5F2359AC5500FAD4A2 /* Release */,
			);
			defaultConfigurationIsVisible = 0;
			defaultConfigurationName = Release;
		};
		63233F602359AC5500FAD4A2 /* Build configuration list for PBXNativeTarget "FSLibIOsDemoTests" */ = {
			isa = XCConfigurationList;
			buildConfigurations = (
				63233F612359AC5500FAD4A2 /* Debug */,
				63233F622359AC5500FAD4A2 /* Release */,
			);
			defaultConfigurationIsVisible = 0;
			defaultConfigurationName = Release;
		};
		63233F632359AC5500FAD4A2 /* Build configuration list for PBXNativeTarget "FSLibIOsDemoUITests" */ = {
			isa = XCConfigurationList;
			buildConfigurations = (
				63233F642359AC5500FAD4A2 /* Debug */,
				63233F652359AC5500FAD4A2 /* Release */,
			);
			defaultConfigurationIsVisible = 0;
			defaultConfigurationName = Release;
		};
/* End XCConfigurationList section */
	};
	rootObject = 63233F2D2359AC5200FAD4A2 /* Project object */;
}
